
Microsoft Visual Studio Solution File, Format Version 12.00
# Visual Studio Version 17
VisualStudioVersion = 17.12.35527.113
MinimumVisualStudioVersion = 10.0.40219.1
Project("{FAE04EC0-301F-11D3-BF4B-00C04F79EFBC}") = "WorkoutTracker.WebApi", "WorkoutTracker.WebApi\WorkoutTracker.WebApi.csproj", "{2625CEDC-F7F0-422F-8D04-8FD774F266D1}"
EndProject
Project("{FAE04EC0-301F-11D3-BF4B-00C04F79EFBC}") = "WorkoutTracker.Tests", "WorkoutTracker.Tests\WorkoutTracker.Tests.csproj", "{0BC50E10-A738-461C-8314-8ACC1C8403B9}"
EndProject
Global
	GlobalSection(SolutionConfigurationPlatforms) = preSolution
		Debug|Any CPU = Debug|Any CPU
		Release|Any CPU = Release|Any CPU
	EndGlobalSection
	GlobalSection(ProjectConfigurationPlatforms) = postSolution
		{2625CEDC-F7F0-422F-8D04-8FD774F266D1}.Debug|Any CPU.ActiveCfg = Debug|Any CPU
		{2625CEDC-F7F0-422F-8D04-8FD774F266D1}.Debug|Any CPU.Build.0 = Debug|Any CPU
		{2625CEDC-F7F0-422F-8D04-8FD774F266D1}.Release|Any CPU.ActiveCfg = Release|Any CPU
		{2625CEDC-F7F0-422F-8D04-8FD774F266D1}.Release|Any CPU.Build.0 = Release|Any CPU
		{0BC50E10-A738-461C-8314-8ACC1C8403B9}.Debug|Any CPU.ActiveCfg = Debug|Any CPU
		{0BC50E10-A738-461C-8314-8ACC1C8403B9}.Debug|Any CPU.Build.0 = Debug|Any CPU
		{0BC50E10-A738-461C-8314-8ACC1C8403B9}.Release|Any CPU.ActiveCfg = Release|Any CPU
		{0BC50E10-A738-461C-8314-8ACC1C8403B9}.Release|Any CPU.Build.0 = Release|Any CPU
	EndGlobalSection
	GlobalSection(SolutionProperties) = preSolution
		HideSolutionNode = FALSE
	EndGlobalSection
EndGlobal
